
Microsoft Visual Studio Solution File, Format Version 12.00
Project("{FAE04EC0-301F-11D3-BF4B-00C04F79EFBC}") = "evidencia1", "evidencia1\evidencia1.csproj", "{54749237-9F34-4BFC-870B-BF236B34C2A4}"
EndProject
Global
	GlobalSection(SolutionConfigurationPlatforms) = preSolution
		Debug|Any CPU = Debug|Any CPU
		Release|Any CPU = Release|Any CPU
	EndGlobalSection
	GlobalSection(ProjectConfigurationPlatforms) = postSolution
		{54749237-9F34-4BFC-870B-BF236B34C2A4}.Debug|Any CPU.ActiveCfg = Debug|Any CPU
		{54749237-9F34-4BFC-870B-BF236B34C2A4}.Debug|Any CPU.Build.0 = Debug|Any CPU
		{54749237-9F34-4BFC-870B-BF236B34C2A4}.Release|Any CPU.ActiveCfg = Release|Any CPU
		{54749237-9F34-4BFC-870B-BF236B34C2A4}.Release|Any CPU.Build.0 = Release|Any CPU
	EndGlobalSection
EndGlobal
